Microsoft Visual Studio Solution File, Format Version 12.00
# Visual Studio Version 16
VisualStudioVersion = 16.0.29920.165
MinimumVisualStudioVersion = 15.0.26124.0
Project("{D954291E-2A0B-460D-934E-DC6B0785DB48}") = "LaunchShowcase.Shared", "LaunchShowcase.Shared\LaunchShowcase.Shared.shproj", "{6279C845-92F8-4333-AB99-3D213163593C}"
EndProject
Project("{FAE04EC0-301F-11D3-BF4B-00C04F79EFBC}") = "LaunchShowcase.Uwp", "LaunchShowcase.UWP\LaunchShowcase.Uwp.csproj", "{23D440B1-39FB-46FE-8BFC-903C6B3A909F}"
EndProject
Project("{9A19103F-16F7-4668-BE54-9A1E7A4F7556}") = "LaunchShowcase.Wasm", "LaunchShowcase.Wasm\LaunchShowcase.Wasm.csproj", "{40EA03F7-8A22-4143-B251-79BAC3EB13D2}"
EndProject
Project("{FAE04EC0-301F-11D3-BF4B-00C04F79EFBC}") = "LaunchShowcase.Sdk", "LaunchShowcase.Sdk\LaunchShowcase.Sdk.csproj", "{7CA277AC-C0B1-46CD-BC8A-D037227D91F1}"
EndProject
Global
	GlobalSection(SharedMSBuildProjectFiles) = preSolution
		LaunchShowcase.Shared\LaunchShowcase.Shared.projitems*{23d440b1-39fb-46fe-8bfc-903c6b3a909f}*SharedItemsImports = 4
		LaunchShowcase.Shared\LaunchShowcase.Shared.projitems*{40ea03f7-8a22-4143-b251-79bac3eb13d2}*SharedItemsImports = 5
		LaunchShowcase.Shared\LaunchShowcase.Shared.projitems*{6279c845-92f8-4333-ab99-3d213163593c}*SharedItemsImports = 13
	EndGlobalSection
	GlobalSection(SolutionConfigurationPlatforms) = preSolution
		Debug|Any CPU = Debug|Any CPU
		Debug|ARM = Debug|ARM
		Debug|ARM64 = Debug|ARM64
		Debug|iPhone = Debug|iPhone
		Debug|iPhoneSimulator = Debug|iPhoneSimulator
		Debug|x64 = Debug|x64
		Debug|x86 = Debug|x86
		Release|Any CPU = Release|Any CPU
		Release|ARM = Release|ARM
		Release|ARM64 = Release|ARM64
		Release|iPhone = Release|iPhone
		Release|iPhoneSimulator = Release|iPhoneSimulator
		Release|x64 = Release|x64
		Release|x86 = Release|x86
	EndGlobalSection
	GlobalSection(ProjectConfigurationPlatforms) = postSolution
		{23D440B1-39FB-46FE-8BFC-903C6B3A909F}.Debug|Any CPU.ActiveCfg = Debug|x86
		{23D440B1-39FB-46FE-8BFC-903C6B3A909F}.Debug|Any CPU.Build.0 = Debug|x86
		{23D440B1-39FB-46FE-8BFC-903C6B3A909F}.Debug|Any CPU.Deploy.0 = Debug|x86
		{23D440B1-39FB-46FE-8BFC-903C6B3A909F}.Debug|ARM.ActiveCfg = Debug|ARM
		{23D440B1-39FB-46FE-8BFC-903C6B3A909F}.Debug|ARM.Build.0 = Debug|ARM
		{23D440B1-39FB-46FE-8BFC-903C6B3A909F}.Debug|ARM.Deploy.0 = Debug|ARM
		{23D440B1-39FB-46FE-8BFC-903C6B3A909F}.Debug|ARM64.ActiveCfg = Debug|ARM64
		{23D440B1-39FB-46FE-8BFC-903C6B3A909F}.Debug|ARM64.Build.0 = Debug|ARM64
		{23D440B1-39FB-46FE-8BFC-903C6B3A909F}.Debug|ARM64.Deploy.0 = Debug|ARM64
		{23D440B1-39FB-46FE-8BFC-903C6B3A909F}.Debug|iPhone.ActiveCfg = Debug|x86
		{23D440B1-39FB-46FE-8BFC-903C6B3A909F}.Debug|iPhone.Build.0 = Debug|x86
		{23D440B1-39FB-46FE-8BFC-903C6B3A909F}.Debug|iPhone.Deploy.0 = Debug|x86
		{23D440B1-39FB-46FE-8BFC-903C6B3A909F}.Debug|iPhoneSimulator.ActiveCfg = Debug|x86
		{23D440B1-39FB-46FE-8BFC-903C6B3A909F}.Debug|iPhoneSimulator.Build.0 = Debug|x86
		{23D440B1-39FB-46FE-8BFC-903C6B3A909F}.Debug|iPhoneSimulator.Deploy.0 = Debug|x86
		{23D440B1-39FB-46FE-8BFC-903C6B3A909F}.Debug|x64.ActiveCfg = Debug|x64
		{23D440B1-39FB-46FE-8BFC-903C6B3A909F}.Debug|x64.Build.0 = Debug|x64
		{23D440B1-39FB-46FE-8BFC-903C6B3A909F}.Debug|x64.Deploy.0 = Debug|x64
		{23D440B1-39FB-46FE-8BFC-903C6B3A909F}.Debug|x86.ActiveCfg = Debug|x86
		{23D440B1-39FB-46FE-8BFC-903C6B3A909F}.Debug|x86.Build.0 = Debug|x86
		{23D440B1-39FB-46FE-8BFC-903C6B3A909F}.Debug|x86.Deploy.0 = Debug|x86
		{23D440B1-39FB-46FE-8BFC-903C6B3A909F}.Release|Any CPU.ActiveCfg = Release|x86
		{23D440B1-39FB-46FE-8BFC-903C6B3A909F}.Release|ARM.ActiveCfg = Release|ARM
		{23D440B1-39FB-46FE-8BFC-903C6B3A909F}.Release|ARM.Build.0 = Release|ARM
		{23D440B1-39FB-46FE-8BFC-903C6B3A909F}.Release|ARM.Deploy.0 = Release|ARM
		{23D440B1-39FB-46FE-8BFC-903C6B3A909F}.Release|ARM64.ActiveCfg = Release|ARM64
		{23D440B1-39FB-46FE-8BFC-903C6B3A909F}.Release|ARM64.Build.0 = Release|ARM64
		{23D440B1-39FB-46FE-8BFC-903C6B3A909F}.Release|ARM64.Deploy.0 = Release|ARM64
		{23D440B1-39FB-46FE-8BFC-903C6B3A909F}.Release|iPhone.ActiveCfg = Release|x86
		{23D440B1-39FB-46FE-8BFC-903C6B3A909F}.Release|iPhone.Build.0 = Release|x86
		{23D440B1-39FB-46FE-8BFC-903C6B3A909F}.Release|iPhoneSimulator.ActiveCfg = Release|x86
		{23D440B1-39FB-46FE-8BFC-903C6B3A909F}.Release|iPhoneSimulator.Build.0 = Release|x86
		{23D440B1-39FB-46FE-8BFC-903C6B3A909F}.Release|iPhoneSimulator.Deploy.0 = Release|x86
		{23D440B1-39FB-46FE-8BFC-903C6B3A909F}.Release|x64.ActiveCfg = Release|x64
		{23D440B1-39FB-46FE-8BFC-903C6B3A909F}.Release|x64.Build.0 = Release|x64
		{23D440B1-39FB-46FE-8BFC-903C6B3A909F}.Release|x64.Deploy.0 = Release|x64
		{23D440B1-39FB-46FE-8BFC-903C6B3A909F}.Release|x86.ActiveCfg = Release|x86
		{23D440B1-39FB-46FE-8BFC-903C6B3A909F}.Release|x86.Build.0 = Release|x86
		{23D440B1-39FB-46FE-8BFC-903C6B3A909F}.Release|x86.Deploy.0 = Release|x86
		{40EA03F7-8A22-4143-B251-79BAC3EB13D2}.Debug|Any CPU.ActiveCfg = Debug|Any CPU
		{40EA03F7-8A22-4143-B251-79BAC3EB13D2}.Debug|Any CPU.Build.0 = Debug|Any CPU
		{40EA03F7-8A22-4143-B251-79BAC3EB13D2}.Debug|ARM.ActiveCfg = Debug|Any CPU
		{40EA03F7-8A22-4143-B251-79BAC3EB13D2}.Debug|ARM.Build.0 = Debug|Any CPU
		{40EA03F7-8A22-4143-B251-79BAC3EB13D2}.Debug|ARM64.ActiveCfg = Debug|Any CPU
		{40EA03F7-8A22-4143-B251-79BAC3EB13D2}.Debug|ARM64.Build.0 = Debug|Any CPU
		{40EA03F7-8A22-4143-B251-79BAC3EB13D2}.Debug|iPhone.ActiveCfg = Debug|Any CPU
		{40EA03F7-8A22-4143-B251-79BAC3EB13D2}.Debug|iPhone.Build.0 = Debug|Any CPU
		{40EA03F7-8A22-4143-B251-79BAC3EB13D2}.Debug|iPhoneSimulator.ActiveCfg = Debug|Any CPU
		{40EA03F7-8A22-4143-B251-79BAC3EB13D2}.Debug|iPhoneSimulator.Build.0 = Debug|Any CPU
		{40EA03F7-8A22-4143-B251-79BAC3EB13D2}.Debug|x64.ActiveCfg = Debug|Any CPU
		{40EA03F7-8A22-4143-B251-79BAC3EB13D2}.Debug|x64.Build.0 = Debug|Any CPU
		{40EA03F7-8A22-4143-B251-79BAC3EB13D2}.Debug|x86.ActiveCfg = Debug|Any CPU
		{40EA03F7-8A22-4143-B251-79BAC3EB13D2}.Debug|x86.Build.0 = Debug|Any CPU
		{40EA03F7-8A22-4143-B251-79BAC3EB13D2}.Release|Any CPU.ActiveCfg = Release|Any CPU
		{40EA03F7-8A22-4143-B251-79BAC3EB13D2}.Release|Any CPU.Build.0 = Release|Any CPU
		{40EA03F7-8A22-4143-B251-79BAC3EB13D2}.Release|ARM.ActiveCfg = Release|Any CPU
		{40EA03F7-8A22-4143-B251-79BAC3EB13D2}.Release|ARM.Build.0 = Release|Any CPU
		{40EA03F7-8A22-4143-B251-79BAC3EB13D2}.Release|ARM64.ActiveCfg = Release|Any CPU
		{40EA03F7-8A22-4143-B251-79BAC3EB13D2}.Release|ARM64.Build.0 = Release|Any CPU
		{40EA03F7-8A22-4143-B251-79BAC3EB13D2}.Release|iPhone.ActiveCfg = Release|Any CPU
		{40EA03F7-8A22-4143-B251-79BAC3EB13D2}.Release|iPhone.Build.0 = Release|Any CPU
		{40EA03F7-8A22-4143-B251-79BAC3EB13D2}.Release|iPhoneSimulator.ActiveCfg = Release|Any CPU
		{40EA03F7-8A22-4143-B251-79BAC3EB13D2}.Release|iPhoneSimulator.Build.0 = Release|Any CPU
		{40EA03F7-8A22-4143-B251-79BAC3EB13D2}.Release|x64.ActiveCfg = Release|Any CPU
		{40EA03F7-8A22-4143-B251-79BAC3EB13D2}.Release|x64.Build.0 = Release|Any CPU
		{40EA03F7-8A22-4143-B251-79BAC3EB13D2}.Release|x86.ActiveCfg = Release|Any CPU
		{40EA03F7-8A22-4143-B251-79BAC3EB13D2}.Release|x86.Build.0 = Release|Any CPU
		{7CA277AC-C0B1-46CD-BC8A-D037227D91F1}.Debug|Any CPU.ActiveCfg = Debug|Any CPU
		{7CA277AC-C0B1-46CD-BC8A-D037227D91F1}.Debug|Any CPU.Build.0 = Debug|Any CPU
		{7CA277AC-C0B1-46CD-BC8A-D037227D91F1}.Debug|ARM.ActiveCfg = Debug|Any CPU
		{7CA277AC-C0B1-46CD-BC8A-D037227D91F1}.Debug|ARM.Build.0 = Debug|Any CPU
		{7CA277AC-C0B1-46CD-BC8A-D037227D91F1}.Debug|ARM64.ActiveCfg = Debug|Any CPU
		{7CA277AC-C0B1-46CD-BC8A-D037227D91F1}.Debug|ARM64.Build.0 = Debug|Any CPU
		{7CA277AC-C0B1-46CD-BC8A-D037227D91F1}.Debug|iPhone.ActiveCfg = Debug|Any CPU
		{7CA277AC-C0B1-46CD-BC8A-D037227D91F1}.Debug|iPhone.Build.0 = Debug|Any CPU
		{7CA277AC-C0B1-46CD-BC8A-D037227D91F1}.Debug|iPhoneSimulator.ActiveCfg = Debug|Any CPU
		{7CA277AC-C0B1-46CD-BC8A-D037227D91F1}.Debug|iPhoneSimulator.Build.0 = Debug|Any CPU
		{7CA277AC-C0B1-46CD-BC8A-D037227D91F1}.Debug|x64.ActiveCfg = Debug|Any CPU
		{7CA277AC-C0B1-46CD-BC8A-D037227D91F1}.Debug|x64.Build.0 = Debug|Any CPU
		{7CA277AC-C0B1-46CD-BC8A-D037227D91F1}.Debug|x86.ActiveCfg = Debug|Any CPU
		{7CA277AC-C0B1-46CD-BC8A-D037227D91F1}.Debug|x86.Build.0 = Debug|Any CPU
		{7CA277AC-C0B1-46CD-BC8A-D037227D91F1}.Release|Any CPU.ActiveCfg = Release|Any CPU
		{7CA277AC-C0B1-46CD-BC8A-D037227D91F1}.Release|Any CPU.Build.0 = Release|Any CPU
		{7CA277AC-C0B1-46CD-BC8A-D037227D91F1}.Release|ARM.ActiveCfg = Release|Any CPU
		{7CA277AC-C0B1-46CD-BC8A-D037227D91F1}.Release|ARM.Build.0 = Release|Any CPU
		{7CA277AC-C0B1-46CD-BC8A-D037227D91F1}.Release|ARM64.ActiveCfg = Release|Any CPU
		{7CA277AC-C0B1-46CD-BC8A-D037227D91F1}.Release|ARM64.Build.0 = Release|Any CPU
		{7CA277AC-C0B1-46CD-BC8A-D037227D91F1}.Release|iPhone.ActiveCfg = Release|Any CPU
		{7CA277AC-C0B1-46CD-BC8A-D037227D91F1}.Release|iPhone.Build.0 = Release|Any CPU
		{7CA277AC-C0B1-46CD-BC8A-D037227D91F1}.Release|iPhoneSimulator.ActiveCfg = Release|Any CPU
		{7CA277AC-C0B1-46CD-BC8A-D037227D91F1}.Release|iPhoneSimulator.Build.0 = Release|Any CPU
		{7CA277AC-C0B1-46CD-BC8A-D037227D91F1}.Release|x64.ActiveCfg = Release|Any CPU
		{7CA277AC-C0B1-46CD-BC8A-D037227D91F1}.Release|x64.Build.0 = Release|Any CPU
		{7CA277AC-C0B1-46CD-BC8A-D037227D91F1}.Release|x86.ActiveCfg = Release|Any CPU
		{7CA277AC-C0B1-46CD-BC8A-D037227D91F1}.Release|x86.Build.0 = Release|Any CPU
	EndGlobalSection
	GlobalSection(SolutionProperties) = preSolution
		HideSolutionNode = FALSE
	EndGlobalSection
	GlobalSection(ExtensibilityGlobals) = postSolution
		SolutionGuid = {C7433AE2-B1A0-4C1A-887E-5CAA7AAF67A6}
	EndGlobalSection
EndGlobal
